<Solution>
  <Folder Name="/apps/api/">
    <Project Path="apps/api/DocumentOCR.Application/DocumentOCR.Application.csproj" />
    <Project Path="apps/api/DocumentOCR.Domain/DocumentOCR.Domain.csproj" />
    <Project Path="apps/api/DocumentOCR.Infrastructure/DocumentOCR.Infrastructure.csproj" />
    <Project Path="apps/api/DocumentOCR.WebApi/DocumentOCR.WebApi.csproj" />
  </Folder>
  <Folder Name="/apps/api/tests/">
    <Project Path="apps/api/tests/DocumentOCR.IntegrationTests/DocumentOCR.IntegrationTests.csproj" />
    <Project Path="apps/api/tests/DocumentOCR.UnitTests/DocumentOCR.UnitTests.csproj" />
  </Folder>
  <Folder Name="/apps/api/tools/">
    <Project Path="apps/api/tools/DocumentOCR.OcrBenchmark/DocumentOCR.OcrBenchmark.csproj" />
  </Folder>
</Solution>
