<Solution>
  <Folder Name="/src/">
    <Project Path="src/DocumentOCR.Application/DocumentOCR.Application.csproj" />
    <Project Path="src/DocumentOCR.Domain/DocumentOCR.Domain.csproj" />
    <Project Path="src/DocumentOCR.Infrastructure/DocumentOCR.Infrastructure.csproj" />
    <Project Path="src/DocumentOCR.WebApi/DocumentOCR.WebApi.csproj" />
  </Folder>
  <Folder Name="/tests/">
    <Project Path="tests/DocumentOCR.IntegrationTests/DocumentOCR.IntegrationTests.csproj" />
    <Project Path="tests/DocumentOCR.UnitTests/DocumentOCR.UnitTests.csproj" />
  </Folder>
</Solution>
